# auto-generated by grc.converter

id: mesa_AutoCorrelator
label: Fast Auto-Correlator
category: '[mesa]'

parameters:
-   id: sampRate
    label: Sample Rate
    dtype: float
    default: samp_rate
-   id: fac_size
    label: FAC Size
    dtype: int
    default: '512'
-   id: fac_decimation
    label: FAC Decimation
    dtype: int
    default: '10'
-   id: useDB
    label: Output
    dtype: enum
    options: ['False', 'True']
    option_labels: [Normalized, dB]

inputs:
-   domain: stream
    dtype: complex

outputs:
-   domain: stream
    dtype: float
    vlen: ${ fac_size }

templates:
    imports: import mesa
    make: mesa.AutoCorrelator(${sampRate}, ${fac_size}, ${fac_decimation}, ${useDB})

documentation: |-
    This block is the numerical calculation of the fast auto-correlation block previously available in gr-baz.  It uses the Wiener Khinchin theorem that the FFT of a signal's power spectrum is its auto-correlation function.  FAC Size controls the FFT size and therefore the length of time (samp_rate/fac_size) the auto-correlation runs over.  While a separate block provides an all-in-one sink, this can be fed into a vector-to-stream then into a time sink block for display.

file_format: 1
